{
  "version": 4,
  "terraform_version": "1.6.0",
  "serial": 4,
  "lineage": "2fddc12c-a0e6-d2cf-041c-d5872470c354",
  "outputs": {},
  "resources": [
    {
      "mode": "managed",
      "type": "google_sql_database",
      "name": "database",
      "provider": "provider[\"registry.terraform.io/hashicorp/google\"]",
      "instances": [
        {
          "schema_version": 0,
          "attributes": {
            "charset": "utf8mb4",
            "collation": "utf8mb4_0900_ai_ci",
            "deletion_policy": "DELETE",
            "id": "projects/secure-ripple-400908/instances/mydb20231812/databases/my-database",
            "instance": "mydb20231812",
            "name": "my-database",
            "project": "secure-ripple-400908",
            "self_link": "https://sqladmin.googleapis.com/sql/v1beta4/projects/secure-ripple-400908/instances/mydb20231812/databases/my-database",
            "timeouts": null
          },
          "sensitive_attributes": [],
          "private": "eyJlMmJmYjczMC1lY2FhLTExZTYtOGY4OC0zNDM2M2JjN2M0YzAiOnsiY3JlYXRlIjoxMjAwMDAwMDAwMDAwLCJkZWxldGUiOjEyMDAwMDAwMDAwMDAsInVwZGF0ZSI6MTIwMDAwMDAwMDAwMH19",
          "dependencies": [
            "google_sql_database_instance.myinstance"
          ]
        }
      ]
    },
    {
      "mode": "managed",
      "type": "google_sql_database_instance",
      "name": "myinstance",
      "provider": "provider[\"registry.terraform.io/hashicorp/google\"]",
      "instances": [
        {
          "schema_version": 0,
          "attributes": {
            "available_maintenance_versions": [],
            "clone": [],
            "connection_name": "secure-ripple-400908:us-central1:mydb20231812",
            "database_version": "MYSQL_8_0",
            "deletion_protection": true,
            "dns_name": "",
            "encryption_key_name": null,
            "first_ip_address": "34.31.57.131",
            "id": "mydb20231812",
            "instance_type": "CLOUD_SQL_INSTANCE",
            "ip_address": [
              {
                "ip_address": "34.31.57.131",
                "time_to_retire": "",
                "type": "PRIMARY"
              }
            ],
            "maintenance_version": "MYSQL_8_0_31.R20230909.02_00",
            "master_instance_name": "",
            "name": "mydb20231812",
            "private_ip_address": "",
            "project": "secure-ripple-400908",
            "psc_service_attachment_link": "",
            "public_ip_address": "34.31.57.131",
            "region": "us-central1",
            "replica_configuration": [],
            "restore_backup_context": [],
            "root_password": null,
            "self_link": "https://sqladmin.googleapis.com/sql/v1beta4/projects/secure-ripple-400908/instances/mydb20231812",
            "server_ca_cert": [
              {
                "cert": "-----BEGIN CERTIFICATE-----\nMIIDfzCCAmegAwIBAgIBADANBgkqhkiG9w0BAQsFADB3MS0wKwYDVQQuEyQ1ODFh\nNzQ2MC0yMjZmLTRkYmEtOWRlMy0yMGYyMTA3MmY3NzAxIzAhBgNVBAMTGkdvb2ds\nZSBDbG91ZCBTUUwgU2VydmVyIENBMRQwEgYDVQQKEwtHb29nbGUsIEluYzELMAkG\nA1UEBhMCVVMwHhcNMjMxMDEwMDkzNDIwWhcNMzMxMDA3MDkzNTIwWjB3MS0wKwYD\nVQQuEyQ1ODFhNzQ2MC0yMjZmLTRkYmEtOWRlMy0yMGYyMTA3MmY3NzAxIzAhBgNV\nBAMTGkdvb2dsZSBDbG91ZCBTUUwgU2VydmVyIENBMRQwEgYDVQQKEwtHb29nbGUs\nIEluYzELMAkGA1UEBhMCVVMwggEiMA0GCSqGSIb3DQEBAQUAA4IBDwAwggEKAoIB\nAQC+J6N+XC1P8g+1Tn8kaVfKxoNeA4YSZHvLfsLgzcDoJg7RtuDgMwMk7UgNECyM\nloAtBk2BoNPjENzojY5Ut2ShQqU0v5G6ve5yY2IoJguGAwJrftfK5r3+IX6vfumR\nmik3GmZ9vkVITGEdR02fT+eJtrSSL0a9hYj2jWblQ/6dN7Yeb0FKrcksSJeLLumv\netVA10SjgV8p9/hCDzfjl7gfNvKsCvsj/3IxGgJLi/7I9IULQeUA9I8l9RWZ9lrb\nSQSlHsP+RNTEsds9SyyVcPTAsCybg5DtNvWmqGfLWV4ZsfFc5WWBRFg382W+YT+e\nYVK0cCgd5vQjROj05Yr0boADAgMBAAGjFjAUMBIGA1UdEwEB/wQIMAYBAf8CAQAw\nDQYJKoZIhvcNAQELBQADggEBAK49bn8y2lxLbY8j5aUQTo/AvhSoxpeUcFVgWnw8\n1tFSHU6bNb5v9tudgkGr2U90t7pgBBYHF11MWInjHPL2OJbggTrwj3+HAbPGY3GS\nwFxy8emPD8qYvohQWnJyhQMazNpc1hZ+lKhQIDt2I3Lh50ZpB22tRsxF5TRpO+s7\nSng+gRH5X5tp7vP+mrjTJ+BbOm7eSX83Kmzf0c2Barup/sx86c0xXbAO1chTOUc9\no1ENXVm6if3p4ufBwY9lNt/xWxJaKhtIGRITa361mFO5X6xllefUCRLlLihHJhcQ\noj2/oGIfOkoS9jsf31WcR1214PbIuyStXsP6X1bnhZjQqNE=\n-----END CERTIFICATE-----",
                "common_name": "C=US,O=Google\\, Inc,CN=Google Cloud SQL Server CA,dnQualifier=581a7460-226f-4dba-9de3-20f21072f770",
                "create_time": "2023-10-10T09:34:20.594Z",
                "expiration_time": "2033-10-07T09:35:20.594Z",
                "sha1_fingerprint": "befb16da0fed150152da8fc1a4abfaa6340469e1"
              }
            ],
            "service_account_email_address": "p78638490263-oehe2s@gcp-sa-cloud-sql.iam.gserviceaccount.com",
            "settings": [
              {
                "activation_policy": "ALWAYS",
                "active_directory_config": [],
                "advanced_machine_features": [],
                "availability_type": "ZONAL",
                "backup_configuration": [
                  {
                    "backup_retention_settings": [
                      {
                        "retained_backups": 7,
                        "retention_unit": "COUNT"
                      }
                    ],
                    "binary_log_enabled": false,
                    "enabled": false,
                    "location": "",
                    "point_in_time_recovery_enabled": false,
                    "start_time": "13:00",
                    "transaction_log_retention_days": 7
                  }
                ],
                "collation": "",
                "connector_enforcement": "NOT_REQUIRED",
                "data_cache_config": [],
                "database_flags": [],
                "deletion_protection_enabled": false,
                "deny_maintenance_period": [],
                "disk_autoresize": true,
                "disk_autoresize_limit": 0,
                "disk_size": 10,
                "disk_type": "PD_SSD",
                "edition": "",
                "insights_config": [],
                "ip_configuration": [
                  {
                    "allocated_ip_range": "",
                    "authorized_networks": [],
                    "enable_private_path_for_google_cloud_services": false,
                    "ipv4_enabled": true,
                    "private_network": "",
                    "psc_config": [],
                    "require_ssl": false
                  }
                ],
                "location_preference": [
                  {
                    "follow_gae_application": "",
                    "secondary_zone": "",
                    "zone": "us-central1-c"
                  }
                ],
                "maintenance_window": [],
                "password_validation_policy": [],
                "pricing_plan": "PER_USE",
                "sql_server_audit_config": [],
                "tier": "db-f1-micro",
                "time_zone": "",
                "user_labels": {},
                "version": 1
              }
            ],
            "timeouts": null
          },
          "sensitive_attributes": [],
          "private": "eyJlMmJmYjczMC1lY2FhLTExZTYtOGY4OC0zNDM2M2JjN2M0YzAiOnsiY3JlYXRlIjoyNDAwMDAwMDAwMDAwLCJkZWxldGUiOjE4MDAwMDAwMDAwMDAsInVwZGF0ZSI6MTgwMDAwMDAwMDAwMH19"
        }
      ]
    }
  ],
  "check_results": null
}
