{
  "version": 4,
  "terraform_version": "1.6.0",
  "serial": 3,
  "lineage": "078596e6-2172-64b8-fb88-072cd85ba4c4",
  "outputs": {},
  "resources": [
    {
      "module": "module.cloud-storage_example_simple_bucket.module.bucket",
      "mode": "managed",
      "type": "google_storage_bucket",
      "name": "bucket",
      "provider": "provider[\"registry.terraform.io/hashicorp/google\"]",
      "instances": [
        {
          "schema_version": 0,
          "attributes": {
            "autoclass": [],
            "cors": [],
            "custom_placement_config": [
              {
                "data_locations": [
                  "US-EAST4",
                  "US-WEST1"
                ]
              }
            ],
            "default_event_based_hold": false,
            "encryption": [],
            "force_destroy": false,
            "id": "secure-ripple-400908-bucket",
            "labels": {},
            "lifecycle_rule": [
              {
                "action": [
                  {
                    "storage_class": "",
                    "type": "Delete"
                  }
                ],
                "condition": [
                  {
                    "age": 365,
                    "created_before": "",
                    "custom_time_before": "",
                    "days_since_custom_time": null,
                    "days_since_noncurrent_time": null,
                    "matches_prefix": [
                      "secure-ripple-400908"
                    ],
                    "matches_storage_class": [],
                    "matches_suffix": [],
                    "noncurrent_time_before": "",
                    "num_newer_versions": null,
                    "with_state": "ANY"
                  }
                ]
              }
            ],
            "location": "US",
            "logging": [],
            "name": "secure-ripple-400908-bucket",
            "project": "secure-ripple-400908",
            "public_access_prevention": "inherited",
            "requester_pays": false,
            "retention_policy": [],
            "self_link": "https://www.googleapis.com/storage/v1/b/secure-ripple-400908-bucket",
            "storage_class": "STANDARD",
            "timeouts": null,
            "uniform_bucket_level_access": true,
            "url": "gs://secure-ripple-400908-bucket",
            "versioning": [
              {
                "enabled": true
              }
            ],
            "website": []
          },
          "sensitive_attributes": [],
          "private": "eyJlMmJmYjczMC1lY2FhLTExZTYtOGY4OC0zNDM2M2JjN2M0YzAiOnsiY3JlYXRlIjo2MDAwMDAwMDAwMDAsInJlYWQiOjI0MDAwMDAwMDAwMCwidXBkYXRlIjoyNDAwMDAwMDAwMDB9fQ=="
        }
      ]
    },
    {
      "module": "module.cloud-storage_example_simple_bucket.module.bucket",
      "mode": "managed",
      "type": "google_storage_bucket_iam_member",
      "name": "members",
      "provider": "provider[\"registry.terraform.io/hashicorp/google\"]",
      "instances": [
        {
          "index_key": "roles/storage.objectViewer group:test-gcp-ops@test.blueprints.joonix.net",
          "schema_version": 0,
          "attributes": {
            "bucket": "b/secure-ripple-400908-bucket",
            "condition": [],
            "etag": "CAI=",
            "id": "b/secure-ripple-400908-bucket/roles/storage.objectViewer/group:test-gcp-ops@test.blueprints.joonix.net",
            "member": "group:test-gcp-ops@test.blueprints.joonix.net",
            "role": "roles/storage.objectViewer"
          },
          "sensitive_attributes": [],
          "private": "bnVsbA==",
          "dependencies": [
            "module.cloud-storage_example_simple_bucket.module.bucket.google_storage_bucket.bucket"
          ]
        }
      ]
    }
  ],
  "check_results": null
}
