{
  "version": 4,
  "terraform_version": "1.6.0",
  "serial": 10,
  "lineage": "a14e67e6-e2e0-29ee-1179-957a8aff61c1",
  "outputs": {},
  "resources": [
    {
      "module": "module.sql-db_example_mysql-public",
      "mode": "managed",
      "type": "random_id",
      "name": "name",
      "provider": "provider[\"registry.terraform.io/hashicorp/random\"]",
      "instances": [
        {
          "schema_version": 0,
          "attributes": {
            "b64_std": "OxI=",
            "b64_url": "OxI",
            "byte_length": 2,
            "dec": "15122",
            "hex": "3b12",
            "id": "OxI",
            "keepers": null,
            "prefix": null
          },
          "sensitive_attributes": []
        }
      ]
    },
    {
      "module": "module.sql-db_example_mysql-public.module.mysql-db",
      "mode": "managed",
      "type": "google_sql_database_instance",
      "name": "default",
      "provider": "provider[\"registry.terraform.io/hashicorp/google-beta\"]",
      "instances": [
        {
          "schema_version": 0,
          "attributes": {
            "available_maintenance_versions": [],
            "clone": [],
            "connection_name": "secure-ripple-400908:us-central1:example-mysql-public-b3d05809",
            "database_version": "MYSQL_5_6",
            "deletion_protection": false,
            "dns_name": "",
            "encryption_key_name": null,
            "first_ip_address": "34.133.250.63",
            "id": "example-mysql-public-b3d05809",
            "instance_type": "CLOUD_SQL_INSTANCE",
            "ip_address": [
              {
                "ip_address": "34.133.250.63",
                "time_to_retire": "",
                "type": "PRIMARY"
              }
            ],
            "maintenance_version": "MYSQL_5_6_51.R20230909.02_00",
            "master_instance_name": "",
            "name": "example-mysql-public-b3d05809",
            "private_ip_address": "",
            "project": "secure-ripple-400908",
            "psc_service_attachment_link": "",
            "public_ip_address": "34.133.250.63",
            "region": "us-central1",
            "replica_configuration": [],
            "restore_backup_context": [],
            "root_password": null,
            "self_link": "https://sqladmin.googleapis.com/sql/v1beta4/projects/secure-ripple-400908/instances/example-mysql-public-b3d05809",
            "server_ca_cert": [
              {
                "cert": "-----BEGIN CERTIFICATE-----\nMIIDfzCCAmegAwIBAgIBADANBgkqhkiG9w0BAQsFADB3MS0wKwYDVQQuEyQ2YmVm\nZDkxZS05ZGQ0LTRjZWEtOTNiOC01Y2YwNjQzNzMxMzIxIzAhBgNVBAMTGkdvb2ds\nZSBDbG91ZCBTUUwgU2VydmVyIENBMRQwEgYDVQQKEwtHb29nbGUsIEluYzELMAkG\nA1UEBhMCVVMwHhcNMjMxMDEwMTAxNTQ0WhcNMzMxMDA3MTAxNjQ0WjB3MS0wKwYD\nVQQuEyQ2YmVmZDkxZS05ZGQ0LTRjZWEtOTNiOC01Y2YwNjQzNzMxMzIxIzAhBgNV\nBAMTGkdvb2dsZSBDbG91ZCBTUUwgU2VydmVyIENBMRQwEgYDVQQKEwtHb29nbGUs\nIEluYzELMAkGA1UEBhMCVVMwggEiMA0GCSqGSIb3DQEBAQUAA4IBDwAwggEKAoIB\nAQCgPsl1EMoP4lU2VLSHhyIQnAoyxxhCkbR1EHiJ7DcWJHT+BUEYYcnFaFoDrsrB\n0LHLlo4nJSnBJIJc/ExvQliK4msY3Uo2HWSGqxi7+yJ57Si2+2Br6SsUziUizXI0\nx2df+uWP3yeuHB7tNjvIrI9k48CGswvL3Ean0Df9XznvnTuCTQw8OEvFTvQNddQF\nwpUrwIF4Al4bOrL/F3J8maBWNHBTpi4RPpns0Ww1G+4dfcnOvy4nT+hXc6RNEwFv\nKa4MVgymlavzm4KVJH78pY85Ul+lftovIDC/zuwXz70+YVYKL5+FsPmcjNe6pc5D\n5brklgQ/Pyw93vev3Mpx+Uu1AgMBAAGjFjAUMBIGA1UdEwEB/wQIMAYBAf8CAQAw\nDQYJKoZIhvcNAQELBQADggEBAEVkoFQDJap8wmcKTYYxVUFHgUhMTWliJl+F9Fi1\ngR2sP9fTbnpCva1pCzN5pWeLqLx2Fmk6O5ccS/GGCai3rzPVu2fdtSvro7R5agli\nSJEafBd5Hx3KlIf3dyMztRu/rXDlaqfBYSbNSc6/OGCTtKbpUzZojlr3H0JxSthN\nPl8gy/8GaHafOotRxPpR59YG59MbmqvFwB8IXxKT5afvk+7AYJjFNkwMTPBO/MwD\nz2rT7F2EllmSvvmVVZxRyiSgHm+h7xnlsog3f1KhFV55jSs9CyPtcurZd+o13yHE\nv10Ak1gt+pAAsCLS65yENii8YZCl8GoKyZxKmQGU2IBKbFY=\n-----END CERTIFICATE-----",
                "common_name": "C=US,O=Google\\, Inc,CN=Google Cloud SQL Server CA,dnQualifier=6befd91e-9dd4-4cea-93b8-5cf064373132",
                "create_time": "2023-10-10T10:15:44.803Z",
                "expiration_time": "2033-10-07T10:16:44.803Z",
                "sha1_fingerprint": "bd1a37c34f93d0e62b61e5a18671ac5d3943accc"
              }
            ],
            "service_account_email_address": "p78638490263-d3ahva@gcp-sa-cloud-sql.iam.gserviceaccount.com",
            "settings": [
              {
                "activation_policy": "ALWAYS",
                "active_directory_config": [],
                "advanced_machine_features": [],
                "availability_type": "REGIONAL",
                "backup_configuration": [
                  {
                    "backup_retention_settings": [
                      {
                        "retained_backups": 7,
                        "retention_unit": "COUNT"
                      }
                    ],
                    "binary_log_enabled": true,
                    "enabled": true,
                    "location": "",
                    "point_in_time_recovery_enabled": false,
                    "start_time": "14:00",
                    "transaction_log_retention_days": 7
                  }
                ],
                "collation": "",
                "connector_enforcement": "NOT_REQUIRED",
                "data_cache_config": [],
                "database_flags": [
                  {
                    "name": "log_bin_trust_function_creators",
                    "value": "on"
                  }
                ],
                "deletion_protection_enabled": false,
                "deny_maintenance_period": [],
                "disk_autoresize": true,
                "disk_autoresize_limit": 0,
                "disk_size": 10,
                "disk_type": "PD_SSD",
                "edition": "",
                "insights_config": [],
                "ip_configuration": [
                  {
                    "allocated_ip_range": "",
                    "authorized_networks": [
                      {
                        "expiration_time": "",
                        "name": "sample-gcp-health-checkers-range",
                        "value": "130.211.0.0/28"
                      }
                    ],
                    "enable_private_path_for_google_cloud_services": false,
                    "ipv4_enabled": true,
                    "private_network": "",
                    "psc_config": [],
                    "require_ssl": true
                  }
                ],
                "location_preference": [
                  {
                    "follow_gae_application": "",
                    "secondary_zone": "",
                    "zone": "us-central1-c"
                  }
                ],
                "maintenance_window": [
                  {
                    "day": 1,
                    "hour": 23,
                    "update_track": "canary"
                  }
                ],
                "password_validation_policy": [],
                "pricing_plan": "PER_USE",
                "sql_server_audit_config": [],
                "tier": "db-n1-standard-1",
                "time_zone": "",
                "user_labels": {},
                "version": 3
              }
            ],
            "timeouts": {
              "create": "30m",
              "delete": "30m",
              "update": "30m"
            }
          },
          "sensitive_attributes": [],
          "private": "eyJlMmJmYjczMC1lY2FhLTExZTYtOGY4OC0zNDM2M2JjN2M0YzAiOnsiY3JlYXRlIjoxODAwMDAwMDAwMDAwLCJkZWxldGUiOjE4MDAwMDAwMDAwMDAsInVwZGF0ZSI6MTgwMDAwMDAwMDAwMH19",
          "dependencies": [
            "module.sql-db_example_mysql-public.module.mysql-db.null_resource.module_depends_on",
            "module.sql-db_example_mysql-public.module.mysql-db.random_id.suffix"
          ]
        }
      ]
    },
    {
      "module": "module.sql-db_example_mysql-public.module.mysql-db",
      "mode": "managed",
      "type": "google_sql_database_instance",
      "name": "replicas",
      "provider": "provider[\"registry.terraform.io/hashicorp/google-beta\"]",
      "instances": []
    },
    {
      "module": "module.sql-db_example_mysql-public.module.mysql-db",
      "mode": "managed",
      "type": "null_resource",
      "name": "module_depends_on",
      "provider": "provider[\"registry.terraform.io/hashicorp/null\"]",
      "instances": [
        {
          "schema_version": 0,
          "attributes": {
            "id": "5683324132963636771",
            "triggers": {
              "value": "0"
            }
          },
          "sensitive_attributes": []
        }
      ]
    },
    {
      "module": "module.sql-db_example_mysql-public.module.mysql-db",
      "mode": "managed",
      "type": "random_id",
      "name": "suffix",
      "provider": "provider[\"registry.terraform.io/hashicorp/random\"]",
      "instances": [
        {
          "index_key": 0,
          "schema_version": 0,
          "attributes": {
            "b64_std": "s9BYCQ==",
            "b64_url": "s9BYCQ",
            "byte_length": 4,
            "dec": "3016775689",
            "hex": "b3d05809",
            "id": "s9BYCQ",
            "keepers": null,
            "prefix": null
          },
          "sensitive_attributes": []
        }
      ]
    },
    {
      "module": "module.sql-db_example_mysql-public.module.mysql-db",
      "mode": "managed",
      "type": "random_password",
      "name": "user-password",
      "provider": "provider[\"registry.terraform.io/hashicorp/random\"]",
      "instances": [
        {
          "schema_version": 3,
          "attributes": {
            "bcrypt_hash": "$2a$10$6bS/zk59.220NveBJgTyUu1XNGsQC5zj8pCm55jVJbPxIXi52aC4S",
            "id": "none",
            "keepers": {
              "name": "example-mysql-public-b3d05809"
            },
            "length": 32,
            "lower": true,
            "min_lower": 1,
            "min_numeric": 1,
            "min_special": 0,
            "min_upper": 1,
            "number": true,
            "numeric": true,
            "override_special": null,
            "result": "3mVF1rvhul1PnsLVSGC29Gb2BmlUJqk4",
            "special": false,
            "upper": true
          },
          "sensitive_attributes": [],
          "dependencies": [
            "module.sql-db_example_mysql-public.module.mysql-db.google_sql_database_instance.default",
            "module.sql-db_example_mysql-public.module.mysql-db.null_resource.module_depends_on",
            "module.sql-db_example_mysql-public.module.mysql-db.random_id.suffix"
          ]
        }
      ]
    }
  ],
  "check_results": [
    {
      "object_kind": "var",
      "config_addr": "module.sql-db_example_mysql-public.module.mysql-db.var.additional_users",
      "status": "unknown",
      "objects": [
        {
          "object_addr": "module.sql-db_example_mysql-public.module.mysql-db.var.additional_users",
          "status": "unknown"
        }
      ]
    }
  ]
}
